lockfileVersion: 5.3

specifiers:
  '@vitejs/plugin-vue': ^1.2.5
  '@vue/compiler-sfc': ^3.1.5
  typescript: ^4.3.2
  vite: ^2.4.2
  vue: ^3.0.5
  vue-tsc: ^0.0.24

dependencies:
  vue: registry.nlark.com/vue/3.1.5

devDependencies:
  '@vitejs/plugin-vue': registry.nlark.com/@vitejs/plugin-vue/1.2.5_@vue+compiler-sfc@3.1.5
  '@vue/compiler-sfc': registry.nlark.com/@vue/compiler-sfc/3.1.5_vue@3.1.5
  typescript: registry.nlark.com/typescript/4.3.5
  vite: registry.nlark.com/vite/2.4.2
  vue-tsc: registry.nlark.com/vue-tsc/0.0.24

packages:

  /balanced-match/1.0.2:
    resolution: {integrity: sha1-6D46fj8wCzTLnYf2FfoMvzV2kO4=, tarball: balanced-match/download/balanced-match-1.0.2.tgz}
    dev: true

  /big-integer/1.6.48:
    resolution: {integrity: sha1-j9iL0WMsukocjD49cVnwi7lbS54=, tarball: big-integer/download/big-integer-1.6.48.tgz}
    engines: {node: '>=0.6'}
    dev: true

  /bluebird/3.4.7:
    resolution: {integrity: sha1-9y12C+Cbf3bQjtj66Ysomo0F+rM=, tarball: bluebird/download/bluebird-3.4.7.tgz}
    dev: true

  /bluebird/3.7.2:
    resolution: {integrity: sha1-nyKcFb4nJFT/qXOs4NvueaGww28=, tarball: bluebird/download/bluebird-3.7.2.tgz}
    dev: true

  /brace-expansion/1.1.11:
    resolution: {integrity: sha1-PH/L9SnYcibz0vUrlm/1Jx60Qd0=, tarball: brace-expansion/download/brace-expansion-1.1.11.tgz}
    dependencies:
      balanced-match: 1.0.2
      concat-map: 0.0.1
    dev: true

  /colorette/1.2.2:
    resolution: {integrity: sha1-y8x51emcrqLb8Q6zom/Ys+as+pQ=, tarball: colorette/download/colorette-1.2.2.tgz}
    dev: true

  /concat-map/0.0.1:
    resolution: {integrity: sha1-2Klr13/Wjfd5OnMDajug1UBdR3s=, tarball: concat-map/download/concat-map-0.0.1.tgz}
    dev: true

  /consolidate/0.16.0:
    resolution: {integrity: sha1-oRhkdokw8vGUMWYKZZBmaPX73BY=, tarball: consolidate/download/consolidate-0.16.0.tgz}
    engines: {node: '>= 0.10.0'}
    dependencies:
      bluebird: 3.7.2
    dev: true

  /core-util-is/1.0.2:
    resolution: {integrity: sha1-tf1UIgqivFq1eqtxQMlAdUUDwac=, tarball: core-util-is/download/core-util-is-1.0.2.tgz}
    dev: true

  /cssesc/3.0.0:
    resolution: {integrity: sha1-N3QZGZA7hoVl4cCep0dEXNGJg+4=, tarball: cssesc/download/cssesc-3.0.0.tgz}
    engines: {node: '>=4'}
    hasBin: true
    dev: true

  /duplexer2/0.1.4:
    resolution: {integrity: sha1-ixLauHjA1p4+eJEFFmKjL8a93ME=, tarball: duplexer2/download/duplexer2-0.1.4.tgz}
    dependencies:
      readable-stream: 2.3.7
    dev: true

  /emojis-list/3.0.0:
    resolution: {integrity: sha1-VXBmIEatKeLpFucariYKvf9Pang=, tarball: emojis-list/download/emojis-list-3.0.0.tgz}
    engines: {node: '>= 4'}
    dev: true

  /estree-walker/2.0.2:
    resolution: {integrity: sha1-UvAQF4wqTBF6d1fP6UKtt9LaTKw=, tarball: estree-walker/download/estree-walker-2.0.2.tgz}

  /fs.realpath/1.0.0:
    resolution: {integrity: sha1-FQStJSMVjKpA20onh8sBQRmU6k8=, tarball: fs.realpath/download/fs.realpath-1.0.0.tgz}
    dev: true

  /fsevents/2.3.2:
    resolution: {integrity: sha1-ilJveLj99GI7cJ4Ll1xSwkwC/Ro=, tarball: fsevents/download/fsevents-2.3.2.tgz}
    engines: {node: ^8.16.0 || ^10.6.0 || >=11.0.0}
    dev: true
    optional: true

  /fstream/1.0.12:
    resolution: {integrity: sha1-Touo7i1Ivk99DeUFRVVI6uWTIEU=, tarball: fstream/download/fstream-1.0.12.tgz}
    engines: {node: '>=0.6'}
    dependencies:
      graceful-fs: 4.2.6
      inherits: 2.0.4
      mkdirp: 0.5.5
      rimraf: 2.7.1
    dev: true

  /function-bind/1.1.1:
    resolution: {integrity: sha1-pWiZ0+o8m6uHS7l3O3xe3pL0iV0=, tarball: function-bind/download/function-bind-1.1.1.tgz}
    dev: true

  /generic-names/2.0.1:
    resolution: {integrity: sha1-+KN46tLMqno08DF7BVVIMq5BuHI=, tarball: generic-names/download/generic-names-2.0.1.tgz}
    dependencies:
      loader-utils: 1.4.0
    dev: true

  /graceful-fs/4.2.6:
    resolution: {integrity: sha1-/wQLKwhTsjw9MQJ1I3BvGIXXa+4=, tarball: graceful-fs/download/graceful-fs-4.2.6.tgz}
    dev: true

  /has/1.0.3:
    resolution: {integrity: sha1-ci18v8H2qoJB8W3YFOAR4fQeh5Y=, tarball: has/download/has-1.0.3.tgz}
    engines: {node: '>= 0.4.0'}
    dependencies:
      function-bind: 1.1.1
    dev: true

  /hash-sum/2.0.0:
    resolution: {integrity: sha1-gdAbtd6OpKIUrV1urRtSNGCwtFo=, tarball: hash-sum/download/hash-sum-2.0.0.tgz}
    dev: true

  /icss-replace-symbols/1.1.0:
    resolution: {integrity: sha1-Bupvg2ead0njhs/h/oEq5dsiPe0=, tarball: icss-replace-symbols/download/icss-replace-symbols-1.1.0.tgz}
    dev: true

  /icss-utils/5.1.0_postcss@8.3.5:
    resolution: {integrity: sha1-xr5oWKvQE9do6YNmrkfiXViHsa4=, tarball: icss-utils/download/icss-utils-5.1.0.tgz}
    engines: {node: ^10 || ^12 || >= 14}
    peerDependencies:
      postcss: ^8.1.0
    dependencies:
      postcss: registry.nlark.com/postcss/8.3.5
    dev: true

  /inflight/1.0.6:
    resolution: {integrity: sha1-Sb1jMdfQLQwJvJEKEHW6gWW1bfk=, tarball: inflight/download/inflight-1.0.6.tgz}
    dependencies:
      once: 1.4.0
      wrappy: registry.nlark.com/wrappy/1.0.2
    dev: true

  /inherits/2.0.4:
    resolution: {integrity: sha1-D6LGT5MpF8NDOg3tVTY6rjdBa3w=, tarball: inherits/download/inherits-2.0.4.tgz?cache=0&sync_timestamp=1610086112340&other_urls=https%3A%2F%2Fregistry.npm.taobao.org%2Finherits%2Fdownload%2Finherits-2.0.4.tgz}
    dev: true

  /isarray/1.0.0:
    resolution: {integrity: sha1-u5NdSFgsuhaMBoNJV6VKPgcSTxE=, tarball: isarray/download/isarray-1.0.0.tgz}
    dev: true

  /json5/1.0.1:
    resolution: {integrity: sha1-d5+wAYYE+oVOrL9iUhgNg1Q+Pb4=, tarball: json5/download/json5-1.0.1.tgz}
    hasBin: true
    dependencies:
      minimist: 1.2.5
    dev: true

  /loader-utils/1.4.0:
    resolution: {integrity: sha1-xXm140yzSxp07cbB+za/o3HVphM=, tarball: loader-utils/download/loader-utils-1.4.0.tgz}
    engines: {node: '>=4.0.0'}
    dependencies:
      big.js: registry.nlark.com/big.js/5.2.2
      emojis-list: 3.0.0
      json5: 1.0.1
    dev: true

  /lodash.camelcase/4.3.0:
    resolution: {integrity: sha1-soqmKIorn8ZRA1x3EfZathkDMaY=, tarball: lodash.camelcase/download/lodash.camelcase-4.3.0.tgz}
    dev: true

  /lru-cache/5.1.1:
    resolution: {integrity: sha1-HaJ+ZxAnGUdpXa9oSOhH8B2EuSA=, tarball: lru-cache/download/lru-cache-5.1.1.tgz}
    dependencies:
      yallist: 3.1.1
    dev: true

  /magic-string/0.25.7:
    resolution: {integrity: sha1-P0l9b9NMZpxnmNy4IfLvMfVEUFE=, tarball: magic-string/download/magic-string-0.25.7.tgz}
    dependencies:
      sourcemap-codec: 1.4.8
    dev: true

  /merge-source-map/1.1.0:
    resolution: {integrity: sha1-L93n5gIJOfcJBqaPLXrmheTIxkY=, tarball: merge-source-map/download/merge-source-map-1.1.0.tgz}
    dependencies:
      source-map: 0.6.1
    dev: true

  /minimatch/3.0.4:
    resolution: {integrity: sha1-UWbihkV/AzBgZL5Ul+jbsMPTIIM=, tarball: minimatch/download/minimatch-3.0.4.tgz}
    dependencies:
      brace-expansion: 1.1.11
    dev: true

  /minimist/1.2.5:
    resolution: {integrity: sha1-Z9ZgFLZqaoqqDAg8X9WN9OTpdgI=, tarball: minimist/download/minimist-1.2.5.tgz}
    dev: true

  /mkdirp/0.5.5:
    resolution: {integrity: sha1-2Rzv1i0UNsoPQWIOJRKI1CAJne8=, tarball: mkdirp/download/mkdirp-0.5.5.tgz}
    hasBin: true
    dependencies:
      minimist: 1.2.5
    dev: true

  /once/1.4.0:
    resolution: {integrity: sha1-WDsap3WWHUsROsF9nFC6753Xa9E=, tarball: once/download/once-1.4.0.tgz}
    dependencies:
      wrappy: registry.nlark.com/wrappy/1.0.2
    dev: true

  /path-is-absolute/1.0.1:
    resolution: {integrity: sha1-F0uSaHNVNP+8es5r9TpanhtcX18=, tarball: path-is-absolute/download/path-is-absolute-1.0.1.tgz}
    engines: {node: '>=0.10.0'}
    dev: true

  /postcss-modules-extract-imports/3.0.0_postcss@8.3.5:
    resolution: {integrity: sha1-zaHwR8CugMl9vijD52pDuIAldB0=, tarball: postcss-modules-extract-imports/download/postcss-modules-extract-imports-3.0.0.tgz}
    engines: {node: ^10 || ^12 || >= 14}
    peerDependencies:
      postcss: ^8.1.0
    dependencies:
      postcss: registry.nlark.com/postcss/8.3.5
    dev: true

  /postcss-modules-local-by-default/4.0.0_postcss@8.3.5:
    resolution: {integrity: sha1-67tU+uFZjuz99pGgKz/zs5ClpRw=, tarball: postcss-modules-local-by-default/download/postcss-modules-local-by-default-4.0.0.tgz}
    engines: {node: ^10 || ^12 || >= 14}
    peerDependencies:
      postcss: ^8.1.0
    dependencies:
      icss-utils: 5.1.0_postcss@8.3.5
      postcss: registry.nlark.com/postcss/8.3.5
      postcss-selector-parser: registry.nlark.com/postcss-selector-parser/6.0.6
      postcss-value-parser: 4.1.0
    dev: true

  /postcss-modules-scope/3.0.0_postcss@8.3.5:
    resolution: {integrity: sha1-nvMVFFbTu/oSDKRImN/Kby+gHwY=, tarball: postcss-modules-scope/download/postcss-modules-scope-3.0.0.tgz}
    engines: {node: ^10 || ^12 || >= 14}
    peerDependencies:
      postcss: ^8.1.0
    dependencies:
      postcss: registry.nlark.com/postcss/8.3.5
      postcss-selector-parser: registry.nlark.com/postcss-selector-parser/6.0.6
    dev: true

  /postcss-modules-values/4.0.0_postcss@8.3.5:
    resolution: {integrity: sha1-18Xn5ow7s8myfL9Iyguz/7RgLJw=, tarball: postcss-modules-values/download/postcss-modules-values-4.0.0.tgz}
    engines: {node: ^10 || ^12 || >= 14}
    peerDependencies:
      postcss: ^8.1.0
    dependencies:
      icss-utils: 5.1.0_postcss@8.3.5
      postcss: registry.nlark.com/postcss/8.3.5
    dev: true

  /postcss-value-parser/4.1.0:
    resolution: {integrity: sha1-RD9qIM7WSBor2k+oUypuVdeJoss=, tarball: postcss-value-parser/download/postcss-value-parser-4.1.0.tgz}
    dev: true

  /process-nextick-args/2.0.1:
    resolution: {integrity: sha1-eCDZsWEgzFXKmud5JoCufbptf+I=, tarball: process-nextick-args/download/process-nextick-args-2.0.1.tgz}
    dev: true

  /readable-stream/2.3.7:
    resolution: {integrity: sha1-Hsoc9xGu+BTAT2IlKjamL2yyO1c=, tarball: readable-stream/download/readable-stream-2.3.7.tgz}
    dependencies:
      core-util-is: 1.0.2
      inherits: 2.0.4
      isarray: 1.0.0
      process-nextick-args: 2.0.1
      safe-buffer: 5.1.2
      string_decoder: 1.1.1
      util-deprecate: 1.0.2
    dev: true

  /resolve/1.20.0:
    resolution: {integrity: sha1-YpoBP7P3B1XW8LeTXMHCxTeLGXU=, tarball: resolve/download/resolve-1.20.0.tgz}
    dependencies:
      is-core-module: registry.nlark.com/is-core-module/2.5.0
      path-parse: registry.nlark.com/path-parse/1.0.7
    dev: true

  /rimraf/2.7.1:
    resolution: {integrity: sha1-NXl/E6f9rcVmFCwp1PB8ytSD4+w=, tarball: rimraf/download/rimraf-2.7.1.tgz}
    hasBin: true
    dependencies:
      glob: registry.nlark.com/glob/7.1.7
    dev: true

  /safe-buffer/5.1.2:
    resolution: {integrity: sha1-mR7GnSluAxN0fVm9/St0XDX4go0=, tarball: safe-buffer/download/safe-buffer-5.1.2.tgz}
    dev: true

  /setimmediate/1.0.5:
    resolution: {integrity: sha1-KQy7Iy4waULX1+qbg3Mqt4VvgoU=, tarball: setimmediate/download/setimmediate-1.0.5.tgz}
    dev: true

  /source-map/0.6.1:
    resolution: {integrity: sha1-dHIq8y6WFOnCh6jQu95IteLxomM=, tarball: source-map/download/source-map-0.6.1.tgz?cache=0&sync_timestamp=1617972598913&other_urls=https%3A%2F%2Fregistry.npm.taobao.org%2Fsource-map%2Fdownload%2Fsource-map-0.6.1.tgz}
    engines: {node: '>=0.10.0'}

  /sourcemap-codec/1.4.8:
    resolution: {integrity: sha1-6oBL2UhXQC5pktBaOO8a41qatMQ=, tarball: sourcemap-codec/download/sourcemap-codec-1.4.8.tgz}
    dev: true

  /string-hash/1.1.3:
    resolution: {integrity: sha1-6Kr8CsGFW0Zmkp7X3RJ1311sgRs=, tarball: string-hash/download/string-hash-1.1.3.tgz}
    dev: true

  /string_decoder/1.1.1:
    resolution: {integrity: sha1-nPFhG6YmhdcDCunkujQUnDrwP8g=, tarball: string_decoder/download/string_decoder-1.1.1.tgz}
    dependencies:
      safe-buffer: 5.1.2
    dev: true

  /to-fast-properties/2.0.0:
    resolution: {integrity: sha1-3F5pjL0HkmW8c+A3doGk5Og/YW4=, tarball: to-fast-properties/download/to-fast-properties-2.0.0.tgz}
    engines: {node: '>=4'}

  /traverse/0.3.9:
    resolution: {integrity: sha1-cXuPIgzAu3tE5AUUwisui7xw2Lk=, tarball: traverse/download/traverse-0.3.9.tgz}
    dev: true

  /unzipper/0.10.11:
    resolution: {integrity: sha1-C0mRRGRyy9uS7nQDkJ8mwkGceC4=, tarball: unzipper/download/unzipper-0.10.11.tgz}
    dependencies:
      big-integer: 1.6.48
      binary: registry.nlark.com/binary/0.3.0
      bluebird: 3.4.7
      buffer-indexof-polyfill: registry.nlark.com/buffer-indexof-polyfill/1.0.2
      duplexer2: 0.1.4
      fstream: 1.0.12
      graceful-fs: 4.2.6
      listenercount: registry.nlark.com/listenercount/1.0.1
      readable-stream: 2.3.7
      setimmediate: 1.0.5
    dev: true

  /util-deprecate/1.0.2:
    resolution: {integrity: sha1-RQ1Nyfpw3nMnYvvS1KKJgUGaDM8=, tarball: util-deprecate/download/util-deprecate-1.0.2.tgz}
    dev: true

  /yallist/3.1.1:
    resolution: {integrity: sha1-27fa+b/YusmrRev2ArjLrQ1dCP0=, tarball: yallist/download/yallist-3.1.1.tgz}
    dev: true

  registry.nlark.com/@babel/helper-validator-identifier/7.14.5:
    resolution: {integrity: sha1-0PDid8US4Mk4J3+qhaOWjJpEwOg=, registry: https://registry.npm.taobao.org/, tarball: https://registry.nlark.com/@babel/helper-validator-identifier/download/@babel/helper-validator-identifier-7.14.5.tgz}
    name: '@babel/helper-validator-identifier'
    version: 7.14.5
    engines: {node: '>=6.9.0'}

  registry.nlark.com/@babel/parser/7.14.7:
    resolution: {integrity: sha1-YJlyDIg5yoZaJjfmyFhS6tC9tZU=, registry: https://registry.npm.taobao.org/, tarball: https://registry.nlark.com/@babel/parser/download/@babel/parser-7.14.7.tgz}
    name: '@babel/parser'
    version: 7.14.7
    engines: {node: '>=6.0.0'}
    hasBin: true

  registry.nlark.com/@babel/types/7.14.5:
    resolution: {integrity: sha1-O7mXuoKaIQTO2yBonEpbgSHTg/8=, registry: https://registry.npm.taobao.org/, tarball: https://registry.nlark.com/@babel/types/download/@babel/types-7.14.5.tgz}
    name: '@babel/types'
    version: 7.14.5
    engines: {node: '>=6.9.0'}
    dependencies:
      '@babel/helper-validator-identifier': registry.nlark.com/@babel/helper-validator-identifier/7.14.5
      to-fast-properties: 2.0.0

  registry.nlark.com/@types/estree/0.0.48:
    resolution: {integrity: sha1-GNyAkbKF35DbLyWqfZBs/DlLf3Q=, registry: https://registry.npm.taobao.org/, tarball: https://registry.nlark.com/@types/estree/download/@types/estree-0.0.48.tgz}
    name: '@types/estree'
    version: 0.0.48
    dev: true

  registry.nlark.com/@vitejs/plugin-vue/1.2.5_@vue+compiler-sfc@3.1.5:
    resolution: {integrity: sha1-733EqS5T/oZrVLzBJmeIUTJirAk=, registry: https://registry.npm.taobao.org/, tarball: https://registry.nlark.com/@vitejs/plugin-vue/download/@vitejs/plugin-vue-1.2.5.tgz}
    id: registry.nlark.com/@vitejs/plugin-vue/1.2.5
    name: '@vitejs/plugin-vue'
    version: 1.2.5
    engines: {node: '>=12.0.0'}
    peerDependencies:
      '@vue/compiler-sfc': ^3.0.8
    dependencies:
      '@vue/compiler-sfc': registry.nlark.com/@vue/compiler-sfc/3.1.5_vue@3.1.5
    dev: true

  registry.nlark.com/@vue/compiler-core/3.1.5:
    resolution: {integrity: sha1-KY+QW2Bl1tgf9jdW+Yxgh2s5PIc=, registry: https://registry.npm.taobao.org/, tarball: https://registry.nlark.com/@vue/compiler-core/download/@vue/compiler-core-3.1.5.tgz}
    name: '@vue/compiler-core'
    version: 3.1.5
    dependencies:
      '@babel/parser': registry.nlark.com/@babel/parser/7.14.7
      '@babel/types': registry.nlark.com/@babel/types/7.14.5
      '@vue/shared': registry.nlark.com/@vue/shared/3.1.5
      estree-walker: 2.0.2
      source-map: 0.6.1

  registry.nlark.com/@vue/compiler-dom/3.1.5:
    resolution: {integrity: sha1-y7lwIMYqX6o/vCqXkWvZgEGsmFY=, registry: https://registry.npm.taobao.org/, tarball: https://registry.nlark.com/@vue/compiler-dom/download/@vue/compiler-dom-3.1.5.tgz}
    name: '@vue/compiler-dom'
    version: 3.1.5
    dependencies:
      '@vue/compiler-core': registry.nlark.com/@vue/compiler-core/3.1.5
      '@vue/shared': registry.nlark.com/@vue/shared/3.1.5

  registry.nlark.com/@vue/compiler-sfc/3.1.5_vue@3.1.5:
    resolution: {integrity: sha1-5h5U86ljsPSo5SP7uGMjkNxSsNY=, registry: https://registry.npm.taobao.org/, tarball: https://registry.nlark.com/@vue/compiler-sfc/download/@vue/compiler-sfc-3.1.5.tgz}
    id: registry.nlark.com/@vue/compiler-sfc/3.1.5
    name: '@vue/compiler-sfc'
    version: 3.1.5
    peerDependencies:
      vue: 3.1.5
    dependencies:
      '@babel/parser': registry.nlark.com/@babel/parser/7.14.7
      '@babel/types': registry.nlark.com/@babel/types/7.14.5
      '@types/estree': registry.nlark.com/@types/estree/0.0.48
      '@vue/compiler-core': registry.nlark.com/@vue/compiler-core/3.1.5
      '@vue/compiler-dom': registry.nlark.com/@vue/compiler-dom/3.1.5
      '@vue/compiler-ssr': registry.nlark.com/@vue/compiler-ssr/3.1.5
      '@vue/shared': registry.nlark.com/@vue/shared/3.1.5
      consolidate: 0.16.0
      estree-walker: 2.0.2
      hash-sum: 2.0.0
      lru-cache: 5.1.1
      magic-string: 0.25.7
      merge-source-map: 1.1.0
      postcss: registry.nlark.com/postcss/8.3.5
      postcss-modules: registry.nlark.com/postcss-modules/4.1.3_postcss@8.3.5
      postcss-selector-parser: registry.nlark.com/postcss-selector-parser/6.0.6
      source-map: 0.6.1
      vue: registry.nlark.com/vue/3.1.5
    dev: true

  registry.nlark.com/@vue/compiler-ssr/3.1.5:
    resolution: {integrity: sha1-8GhlJ3QpMlah5TCEvtSKZ2gt+dI=, registry: https://registry.npm.taobao.org/, tarball: https://registry.nlark.com/@vue/compiler-ssr/download/@vue/compiler-ssr-3.1.5.tgz}
    name: '@vue/compiler-ssr'
    version: 3.1.5
    dependencies:
      '@vue/compiler-dom': registry.nlark.com/@vue/compiler-dom/3.1.5
      '@vue/shared': registry.nlark.com/@vue/shared/3.1.5
    dev: true

  registry.nlark.com/@vue/reactivity/3.1.5:
    resolution: {integrity: sha1-2+xNlVf3yPJcJjXbHiOninKeuZE=, registry: https://registry.npm.taobao.org/, tarball: https://registry.nlark.com/@vue/reactivity/download/@vue/reactivity-3.1.5.tgz}
    name: '@vue/reactivity'
    version: 3.1.5
    dependencies:
      '@vue/shared': registry.nlark.com/@vue/shared/3.1.5
    dev: false

  registry.nlark.com/@vue/runtime-core/3.1.5:
    resolution: {integrity: sha1-pUW38UYJKSnLXoM+hUORUPF6yHs=, registry: https://registry.npm.taobao.org/, tarball: https://registry.nlark.com/@vue/runtime-core/download/@vue/runtime-core-3.1.5.tgz}
    name: '@vue/runtime-core'
    version: 3.1.5
    dependencies:
      '@vue/reactivity': registry.nlark.com/@vue/reactivity/3.1.5
      '@vue/shared': registry.nlark.com/@vue/shared/3.1.5
    dev: false

  registry.nlark.com/@vue/runtime-dom/3.1.5:
    resolution: {integrity: sha1-T6KJR9QIqjaPoX6g7cG+ua8UcqE=, registry: https://registry.npm.taobao.org/, tarball: https://registry.nlark.com/@vue/runtime-dom/download/@vue/runtime-dom-3.1.5.tgz}
    name: '@vue/runtime-dom'
    version: 3.1.5
    dependencies:
      '@vue/runtime-core': registry.nlark.com/@vue/runtime-core/3.1.5
      '@vue/shared': registry.nlark.com/@vue/shared/3.1.5
      csstype: registry.nlark.com/csstype/2.6.17
    dev: false

  registry.nlark.com/@vue/shared/3.1.5:
    resolution: {integrity: sha1-dO46rZldCjmWpruVM9TSgFFO3gM=, registry: https://registry.npm.taobao.org/, tarball: https://registry.nlark.com/@vue/shared/download/@vue/shared-3.1.5.tgz}
    name: '@vue/shared'
    version: 3.1.5

  registry.nlark.com/big.js/5.2.2:
    resolution: {integrity: sha1-ZfCvOC9Xi83HQr2cKB6cstd2gyg=, registry: https://registry.npm.taobao.org/, tarball: https://registry.nlark.com/big.js/download/big.js-5.2.2.tgz}
    name: big.js
    version: 5.2.2
    dev: true

  registry.nlark.com/binary/0.3.0:
    resolution: {integrity: sha1-n2BVO8XOjDOG87VTz/R0Yq3sqnk=, registry: https://registry.npm.taobao.org/, tarball: https://registry.nlark.com/binary/download/binary-0.3.0.tgz}
    name: binary
    version: 0.3.0
    dependencies:
      buffers: registry.nlark.com/buffers/0.1.1
      chainsaw: registry.nlark.com/chainsaw/0.1.0
    dev: true

  registry.nlark.com/buffer-indexof-polyfill/1.0.2:
    resolution: {integrity: sha1-0nMhNcWZnGSyd/z5savjSYJUcpw=, registry: https://registry.npm.taobao.org/, tarball: https://registry.nlark.com/buffer-indexof-polyfill/download/buffer-indexof-polyfill-1.0.2.tgz}
    name: buffer-indexof-polyfill
    version: 1.0.2
    engines: {node: '>=0.10'}
    dev: true

  registry.nlark.com/buffers/0.1.1:
    resolution: {integrity: sha1-skV5w77U1tOWru5tmorn9Ugqt7s=, registry: https://registry.npm.taobao.org/, tarball: https://registry.nlark.com/buffers/download/buffers-0.1.1.tgz}
    name: buffers
    version: 0.1.1
    engines: {node: '>=0.2.0'}
    dev: true

  registry.nlark.com/chainsaw/0.1.0:
    resolution: {integrity: sha1-XqtQsor+WAdNDVgpE4iCi15fvJg=, registry: https://registry.npm.taobao.org/, tarball: https://registry.nlark.com/chainsaw/download/chainsaw-0.1.0.tgz}
    name: chainsaw
    version: 0.1.0
    dependencies:
      traverse: 0.3.9
    dev: true

  registry.nlark.com/csstype/2.6.17:
    resolution: {integrity: sha1-TPMOuH4dGgBdi2UQ+VKSQT9qHA4=, registry: https://registry.npm.taobao.org/, tarball: https://registry.nlark.com/csstype/download/csstype-2.6.17.tgz?cache=0&sync_timestamp=1618819496400&other_urls=https%3A%2F%2Fregistry.nlark.com%2Fcsstype%2Fdownload%2Fcsstype-2.6.17.tgz}
    name: csstype
    version: 2.6.17
    dev: false

  registry.nlark.com/esbuild/0.12.15:
    resolution: {integrity: sha1-nZnPOa6yGIJlxZg+mD4jaCnwivA=, registry: https://registry.npm.taobao.org/, tarball: https://registry.nlark.com/esbuild/download/esbuild-0.12.15.tgz}
    name: esbuild
    version: 0.12.15
    hasBin: true
    requiresBuild: true
    dev: true

  registry.nlark.com/glob/7.1.7:
    resolution: {integrity: sha1-Oxk+kjPwHULQs/eClLvutBj5SpA=, registry: https://registry.npm.taobao.org/, tarball: https://registry.nlark.com/glob/download/glob-7.1.7.tgz}
    name: glob
    version: 7.1.7
    dependencies:
      fs.realpath: 1.0.0
      inflight: 1.0.6
      inherits: 2.0.4
      minimatch: 3.0.4
      once: 1.4.0
      path-is-absolute: 1.0.1
    dev: true

  registry.nlark.com/is-core-module/2.5.0:
    resolution: {integrity: sha1-91SENhfHC/0pt72HMnQAzaXBhJE=, registry: https://registry.npm.taobao.org/, tarball: https://registry.nlark.com/is-core-module/download/is-core-module-2.5.0.tgz}
    name: is-core-module
    version: 2.5.0
    dependencies:
      has: 1.0.3
    dev: true

  registry.nlark.com/listenercount/1.0.1:
    resolution: {integrity: sha1-hMinKrWcRyUyFIDJdeZQg0LnCTc=, registry: https://registry.npm.taobao.org/, tarball: https://registry.nlark.com/listenercount/download/listenercount-1.0.1.tgz}
    name: listenercount
    version: 1.0.1
    dev: true

  registry.nlark.com/nanoid/3.1.23:
    resolution: {integrity: sha1-90QIbOfCvEfuCoRyV01ceOQYOoE=, registry: https://registry.npm.taobao.org/, tarball: https://registry.nlark.com/nanoid/download/nanoid-3.1.23.tgz}
    name: nanoid
    version: 3.1.23
    engines: {node: ^10 || ^12 || ^13.7 || ^14 || >=15.0.1}
    hasBin: true
    dev: true

  registry.nlark.com/path-parse/1.0.7:
    resolution: {integrity: sha1-+8EUtgykKzDZ2vWFjkvWi77bZzU=, registry: https://registry.npm.taobao.org/, tarball: https://registry.nlark.com/path-parse/download/path-parse-1.0.7.tgz}
    name: path-parse
    version: 1.0.7
    dev: true

  registry.nlark.com/postcss-modules/4.1.3_postcss@8.3.5:
    resolution: {integrity: sha1-xMTEHZjZfSTHDojaz8l69aSz4h0=, registry: https://registry.npm.taobao.org/, tarball: https://registry.nlark.com/postcss-modules/download/postcss-modules-4.1.3.tgz}
    id: registry.nlark.com/postcss-modules/4.1.3
    name: postcss-modules
    version: 4.1.3
    peerDependencies:
      postcss: ^8.0.0
    dependencies:
      generic-names: 2.0.1
      icss-replace-symbols: 1.1.0
      lodash.camelcase: 4.3.0
      postcss: registry.nlark.com/postcss/8.3.5
      postcss-modules-extract-imports: 3.0.0_postcss@8.3.5
      postcss-modules-local-by-default: 4.0.0_postcss@8.3.5
      postcss-modules-scope: 3.0.0_postcss@8.3.5
      postcss-modules-values: 4.0.0_postcss@8.3.5
      string-hash: 1.1.3
    dev: true

  registry.nlark.com/postcss-selector-parser/6.0.6:
    resolution: {integrity: sha1-LFu6gXSsL2mBq2MaQqsO5UrzMuo=, registry: https://registry.npm.taobao.org/, tarball: https://registry.nlark.com/postcss-selector-parser/download/postcss-selector-parser-6.0.6.tgz}
    name: postcss-selector-parser
    version: 6.0.6
    engines: {node: '>=4'}
    dependencies:
      cssesc: 3.0.0
      util-deprecate: 1.0.2
    dev: true

  registry.nlark.com/postcss/8.3.5:
    resolution: {integrity: sha1-mCIWsRNBK8IKhiiekeuZSVKltwk=, registry: https://registry.npm.taobao.org/, tarball: https://registry.nlark.com/postcss/download/postcss-8.3.5.tgz?cache=0&sync_timestamp=1623900901326&other_urls=https%3A%2F%2Fregistry.nlark.com%2Fpostcss%2Fdownload%2Fpostcss-8.3.5.tgz}
    name: postcss
    version: 8.3.5
    engines: {node: ^10 || ^12 || >=14}
    dependencies:
      colorette: 1.2.2
      nanoid: registry.nlark.com/nanoid/3.1.23
      source-map-js: registry.nlark.com/source-map-js/0.6.2
    dev: true

  registry.nlark.com/rollup/2.53.2:
    resolution: {integrity: sha1-Mnn5v7of5EZYVWCALkGMX7yu+lE=, registry: https://registry.npm.taobao.org/, tarball: https://registry.nlark.com/rollup/download/rollup-2.53.2.tgz}
    name: rollup
    version: 2.53.2
    engines: {node: '>=10.0.0'}
    hasBin: true
    optionalDependencies:
      fsevents: 2.3.2
    dev: true

  registry.nlark.com/source-map-js/0.6.2:
    resolution: {integrity: sha1-C7XeYxtBz72mz7qL0FqA79/SOF4=, registry: https://registry.npm.taobao.org/, tarball: https://registry.nlark.com/source-map-js/download/source-map-js-0.6.2.tgz}
    name: source-map-js
    version: 0.6.2
    engines: {node: '>=0.10.0'}
    dev: true

  registry.nlark.com/typescript/4.3.5:
    resolution: {integrity: sha1-TRw3zBbok5c8RaBohrcRMjTxGfQ=, registry: https://registry.npm.taobao.org/, tarball: https://registry.nlark.com/typescript/download/typescript-4.3.5.tgz}
    name: typescript
    version: 4.3.5
    engines: {node: '>=4.2.0'}
    hasBin: true
    dev: true

  registry.nlark.com/vite/2.4.2:
    resolution: {integrity: sha1-B9AGFXdcgIUwvJ9lZBBis0m2eSk=, registry: https://registry.npm.taobao.org/, tarball: https://registry.nlark.com/vite/download/vite-2.4.2.tgz}
    name: vite
    version: 2.4.2
    engines: {node: '>=12.0.0'}
    hasBin: true
    dependencies:
      esbuild: registry.nlark.com/esbuild/0.12.15
      postcss: registry.nlark.com/postcss/8.3.5
      resolve: 1.20.0
      rollup: registry.nlark.com/rollup/2.53.2
    optionalDependencies:
      fsevents: 2.3.2
    dev: true

  registry.nlark.com/vue-tsc/0.0.24:
    resolution: {integrity: sha1-DNkNtnn1PqFpQlS4Zj/bPWJKCHI=, registry: https://registry.npm.taobao.org/, tarball: https://registry.nlark.com/vue-tsc/download/vue-tsc-0.0.24.tgz}
    name: vue-tsc
    version: 0.0.24
    hasBin: true
    dependencies:
      unzipper: 0.10.11
    dev: true

  registry.nlark.com/vue/3.1.5:
    resolution: {integrity: sha1-EoebEdBoXuRHjIhpVReZYwpS+f4=, registry: https://registry.npm.taobao.org/, tarball: https://registry.nlark.com/vue/download/vue-3.1.5.tgz}
    name: vue
    version: 3.1.5
    dependencies:
      '@vue/compiler-dom': registry.nlark.com/@vue/compiler-dom/3.1.5
      '@vue/runtime-dom': registry.nlark.com/@vue/runtime-dom/3.1.5
      '@vue/shared': registry.nlark.com/@vue/shared/3.1.5
    dev: false

  registry.nlark.com/wrappy/1.0.2:
    resolution: {integrity: sha1-tSQ9jz7BqjXxNkYFvA0QNuMKtp8=, registry: https://registry.npm.taobao.org/, tarball: https://registry.nlark.com/wrappy/download/wrappy-1.0.2.tgz}
    name: wrappy
    version: 1.0.2
    dev: true
